
Microsoft Visual Studio Solution File, Format Version 12.00
# Visual Studio Version 16
VisualStudioVersion = 16.0.31624.102
MinimumVisualStudioVersion = 10.0.40219.1
Project("{FAE04EC0-301F-11D3-BF4B-00C04F79EFBC}") = "IdentityServer.AuthServer", "IdentityServer.AuthServer\IdentityServer.AuthServer.csproj", "{C0F5BCE4-6537-4F1E-841A-74B58A99270D}"
EndProject
Project("{FAE04EC0-301F-11D3-BF4B-00C04F79EFBC}") = "IdentityServer.Client1", "IdentityServer.Client1\IdentityServer.Client1.csproj", "{FB71DDE4-22E2-491C-91C7-DEF38D5EB472}"
EndProject
Project("{FAE04EC0-301F-11D3-BF4B-00C04F79EFBC}") = "IdentityServer.Client2", "IdentityServer.Client2\IdentityServer.Client2.csproj", "{D39B5679-9AB8-411A-AB35-735E5500B47F}"
EndProject
Project("{FAE04EC0-301F-11D3-BF4B-00C04F79EFBC}") = "IdentityServer.API1", "IdentityServer.API1\IdentityServer.API1.csproj", "{FC3E45F3-3C6D-49F9-AAEA-A98D94B556A4}"
EndProject
Project("{FAE04EC0-301F-11D3-BF4B-00C04F79EFBC}") = "IdentityServer.API2", "IdentityServer.API2\IdentityServer.API2.csproj", "{ED7B84AE-6D99-4A96-96B8-918D48DC70B5}"
EndProject
Project("{2150E333-8FDC-42A3-9474-1A3956D46DE8}") = "Solution Items", "Solution Items", "{63269110-194D-4597-B783-1A940F163B7B}"
	ProjectSection(SolutionItems) = preProject
		Ports.txt = Ports.txt
	EndProjectSection
EndProject
Global
	GlobalSection(SolutionConfigurationPlatforms) = preSolution
		Debug|Any CPU = Debug|Any CPU
		Release|Any CPU = Release|Any CPU
	EndGlobalSection
	GlobalSection(ProjectConfigurationPlatforms) = postSolution
		{C0F5BCE4-6537-4F1E-841A-74B58A99270D}.Debug|Any CPU.ActiveCfg = Debug|Any CPU
		{C0F5BCE4-6537-4F1E-841A-74B58A99270D}.Debug|Any CPU.Build.0 = Debug|Any CPU
		{C0F5BCE4-6537-4F1E-841A-74B58A99270D}.Release|Any CPU.ActiveCfg = Release|Any CPU
		{C0F5BCE4-6537-4F1E-841A-74B58A99270D}.Release|Any CPU.Build.0 = Release|Any CPU
		{FB71DDE4-22E2-491C-91C7-DEF38D5EB472}.Debug|Any CPU.ActiveCfg = Debug|Any CPU
		{FB71DDE4-22E2-491C-91C7-DEF38D5EB472}.Debug|Any CPU.Build.0 = Debug|Any CPU
		{FB71DDE4-22E2-491C-91C7-DEF38D5EB472}.Release|Any CPU.ActiveCfg = Release|Any CPU
		{FB71DDE4-22E2-491C-91C7-DEF38D5EB472}.Release|Any CPU.Build.0 = Release|Any CPU
		{D39B5679-9AB8-411A-AB35-735E5500B47F}.Debug|Any CPU.ActiveCfg = Debug|Any CPU
		{D39B5679-9AB8-411A-AB35-735E5500B47F}.Debug|Any CPU.Build.0 = Debug|Any CPU
		{D39B5679-9AB8-411A-AB35-735E5500B47F}.Release|Any CPU.ActiveCfg = Release|Any CPU
		{D39B5679-9AB8-411A-AB35-735E5500B47F}.Release|Any CPU.Build.0 = Release|Any CPU
		{FC3E45F3-3C6D-49F9-AAEA-A98D94B556A4}.Debug|Any CPU.ActiveCfg = Debug|Any CPU
		{FC3E45F3-3C6D-49F9-AAEA-A98D94B556A4}.Debug|Any CPU.Build.0 = Debug|Any CPU
		{FC3E45F3-3C6D-49F9-AAEA-A98D94B556A4}.Release|Any CPU.ActiveCfg = Release|Any CPU
		{FC3E45F3-3C6D-49F9-AAEA-A98D94B556A4}.Release|Any CPU.Build.0 = Release|Any CPU
		{ED7B84AE-6D99-4A96-96B8-918D48DC70B5}.Debug|Any CPU.ActiveCfg = Debug|Any CPU
		{ED7B84AE-6D99-4A96-96B8-918D48DC70B5}.Debug|Any CPU.Build.0 = Debug|Any CPU
		{ED7B84AE-6D99-4A96-96B8-918D48DC70B5}.Release|Any CPU.ActiveCfg = Release|Any CPU
		{ED7B84AE-6D99-4A96-96B8-918D48DC70B5}.Release|Any CPU.Build.0 = Release|Any CPU
	EndGlobalSection
	GlobalSection(SolutionProperties) = preSolution
		HideSolutionNode = FALSE
	EndGlobalSection
	GlobalSection(ExtensibilityGlobals) = postSolution
		SolutionGuid = {D1602024-8AA6-4E15-8AC3-0F5C464E8C6A}
	EndGlobalSection
EndGlobal
