
Microsoft Visual Studio Solution File, Format Version 12.00
# Visual Studio Version 16
VisualStudioVersion = 16.0.31624.102
MinimumVisualStudioVersion = 10.0.40219.1
Project("{FAE04EC0-301F-11D3-BF4B-00C04F79EFBC}") = "IdentityServer.AuthServer", "IdentityServer.AuthServer\IdentityServer.AuthServer.csproj", "{C0F5BCE4-6537-4F1E-841A-74B58A99270D}"
EndProject
Global
	GlobalSection(SolutionConfigurationPlatforms) = preSolution
		Debug|Any CPU = Debug|Any CPU
		Release|Any CPU = Release|Any CPU
	EndGlobalSection
	GlobalSection(ProjectConfigurationPlatforms) = postSolution
		{C0F5BCE4-6537-4F1E-841A-74B58A99270D}.Debug|Any CPU.ActiveCfg = Debug|Any CPU
		{C0F5BCE4-6537-4F1E-841A-74B58A99270D}.Debug|Any CPU.Build.0 = Debug|Any CPU
		{C0F5BCE4-6537-4F1E-841A-74B58A99270D}.Release|Any CPU.ActiveCfg = Release|Any CPU
		{C0F5BCE4-6537-4F1E-841A-74B58A99270D}.Release|Any CPU.Build.0 = Release|Any CPU
	EndGlobalSection
	GlobalSection(SolutionProperties) = preSolution
		HideSolutionNode = FALSE
	EndGlobalSection
	GlobalSection(ExtensibilityGlobals) = postSolution
		SolutionGuid = {D1602024-8AA6-4E15-8AC3-0F5C464E8C6A}
	EndGlobalSection
EndGlobal
